# Copyright (C) 1991-2004 Altera Corporation
# Any  megafunction  design,  and related netlist (encrypted  or  decrypted),
# support information,  device programming or simulation file,  and any other
# associated  documentation or information  provided by  Altera  or a partner
# under  Altera's   Megafunction   Partnership   Program  may  be  used  only
# to program  PLD  devices (but not masked  PLD  devices) from  Altera.   Any
# other  use  of such  megafunction  design,  netlist,  support  information,
# device programming or simulation file,  or any other  related documentation
# or information  is prohibited  for  any  other purpose,  including, but not
# limited to  modification,  reverse engineering,  de-compiling, or use  with
# any other  silicon devices,  unless such use is  explicitly  licensed under
# a separate agreement with  Altera  or a megafunction partner.  Title to the
# intellectual property,  including patents,  copyrights,  trademarks,  trade
# secrets,  or maskworks,  embodied in any such megafunction design, netlist,
# support  information,  device programming or simulation file,  or any other
# related documentation or information provided by  Altera  or a megafunction
# partner, remains with Altera, the megafunction partner, or their respective
# licensors. No other licenses, including any licenses needed under any third
# party's intellectual property, are provided herein.


# The default values for assignments are stored in the file
#		project_assignment_defaults.qdf
# If this file doesn't exist, and for assignments not listed, see file
#		assignment_defaults.qdf

# Altera recommends that you do not modify this file. This
# file is updated automatically by the Quartus II software
# and any changes you make may be lost or overwritten.


# Project-Wide Assignments
# ========================
set_global_assignment -name ORIGINAL_QUARTUS_VERSION 4.1
set_global_assignment -name PROJECT_CREATION_TIME_DATE "23:41:12  DECEMBER 27, 2023"
set_global_assignment -name LAST_QUARTUS_VERSION 4.1
set_global_assignment -name VECTOR_WAVEFORM_FILE project.vwf
set_global_assignment -name VECTOR_WAVEFORM_FILE jzsx.vwf
set_global_assignment -name BDF_FILE t4.bdf
set_global_assignment -name BDF_FILE se6_1.bdf
set_global_assignment -name BDF_FILE se5_1.bdf
set_global_assignment -name BDF_FILE reg_3.bdf
set_global_assignment -name BDF_FILE old_273.bdf
set_global_assignment -name BDF_FILE ldr0_2.bdf
set_global_assignment -name BDF_FILE decodec.bdf
set_global_assignment -name BDF_FILE decodeb.bdf
set_global_assignment -name BDF_FILE decodea.bdf
set_global_assignment -name BDF_FILE decode2_4.bdf
set_global_assignment -name BDF_FILE ALU2.bdf
set_global_assignment -name BDF_FILE 273.bdf
set_global_assignment -name HEX_FILE uCode.hex
set_global_assignment -name BDF_FILE project.bdf
set_global_assignment -name BDF_FILE 210.bdf

# Analysis & Synthesis Assignments
# ================================
set_global_assignment -name TOP_LEVEL_ENTITY project
set_global_assignment -name FAMILY Stratix

# Fitter Assignments
# ==================
set_global_assignment -name DEVICE AUTO

# LogicLock Region Assignments
# ============================
set_global_assignment -name LOGICLOCK_INCREMENTAL_COMPILE_ASSIGNMENT off
